
Microsoft Visual Studio Solution File, Format Version 12.00
# Visual Studio Version 17
VisualStudioVersion = 17.3.32929.385
MinimumVisualStudioVersion = 10.0.40219.1
Project("{FAE04EC0-301F-11D3-BF4B-00C04F79EFBC}") = "WPFChatTask", "WPFChatTask\WPFChatTask.csproj", "{6A9760F8-2674-4779-9529-CD0440DF9B17}"
EndProject
Global
	GlobalSection(SolutionConfigurationPlatforms) = preSolution
		Debug|Any CPU = Debug|Any CPU
		Release|Any CPU = Release|Any CPU
	EndGlobalSection
	GlobalSection(ProjectConfigurationPlatforms) = postSolution
		{6A9760F8-2674-4779-9529-CD0440DF9B17}.Debug|Any CPU.ActiveCfg = Debug|Any CPU
		{6A9760F8-2674-4779-9529-CD0440DF9B17}.Debug|Any CPU.Build.0 = Debug|Any CPU
		{6A9760F8-2674-4779-9529-CD0440DF9B17}.Release|Any CPU.ActiveCfg = Release|Any CPU
		{6A9760F8-2674-4779-9529-CD0440DF9B17}.Release|Any CPU.Build.0 = Release|Any CPU
	EndGlobalSection
	GlobalSection(SolutionProperties) = preSolution
		HideSolutionNode = FALSE
	EndGlobalSection
	GlobalSection(ExtensibilityGlobals) = postSolution
		SolutionGuid = {D020BC7C-387D-4F66-A677-7BD5A246F34F}
	EndGlobalSection
EndGlobal
